
Microsoft Visual Studio Solution File, Format Version 12.00
# Visual Studio Version 17
VisualStudioVersion = 17.3.32819.101
MinimumVisualStudioVersion = 10.0.40219.1
Project("{FAE04EC0-301F-11D3-BF4B-00C04F79EFBC}") = "Upggift 2.10", "Upggift 2.10\Upggift 2.10.csproj", "{0F5A8676-3E27-471D-94AF-6C82E0015A39}"
EndProject
Global
	GlobalSection(SolutionConfigurationPlatforms) = preSolution
		Debug|Any CPU = Debug|Any CPU
		Release|Any CPU = Release|Any CPU
	EndGlobalSection
	GlobalSection(ProjectConfigurationPlatforms) = postSolution
		{0F5A8676-3E27-471D-94AF-6C82E0015A39}.Debug|Any CPU.ActiveCfg = Debug|Any CPU
		{0F5A8676-3E27-471D-94AF-6C82E0015A39}.Debug|Any CPU.Build.0 = Debug|Any CPU
		{0F5A8676-3E27-471D-94AF-6C82E0015A39}.Release|Any CPU.ActiveCfg = Release|Any CPU
		{0F5A8676-3E27-471D-94AF-6C82E0015A39}.Release|Any CPU.Build.0 = Release|Any CPU
	EndGlobalSection
	GlobalSection(SolutionProperties) = preSolution
		HideSolutionNode = FALSE
	EndGlobalSection
	GlobalSection(ExtensibilityGlobals) = postSolution
		SolutionGuid = {FE71EEEA-A4F4-421B-B122-2A2C5C3E8198}
	EndGlobalSection
EndGlobal
